{
  "name": "WallpaperVideo",
  "lockfileVersion": 3,
  "requires": true,
  "packages": {
    "": {
      "devDependencies": {
        "@vicons/ionicons5": "^0.12.0"
      }
    },
    "node_modules/@vicons/ionicons5": {
      "version": "0.12.0",
      "resolved": "https://registry.npmmirror.com/@vicons/ionicons5/-/ionicons5-0.12.0.tgz",
      "integrity": "sha512-Iy1EUVRpX0WWxeu1VIReR1zsZLMc4fqpt223czR+Rpnrwu7pt46nbnC2ycO7ItI/uqDLJxnbcMC7FujKs9IfFA==",
      "dev": true
    }
  }
}
